
Microsoft Visual Studio Solution File, Format Version 12.00
# Visual Studio Version 16
VisualStudioVersion = 16.0.31729.503
MinimumVisualStudioVersion = 10.0.40219.1
Project("{FAE04EC0-301F-11D3-BF4B-00C04F79EFBC}") = "Matut_Andreea_Lab5", "Matut_Andreea_Lab5.csproj", "{11FA5AF8-811A-4451-8E9A-122C86215B3F}"
EndProject
Project("{FAE04EC0-301F-11D3-BF4B-00C04F79EFBC}") = "AutoLotModel", "..\AutoLotModel\AutoLotModel.csproj", "{C42312FF-65CF-4CCB-B4F3-71AF937A29EE}"
EndProject
Global
	GlobalSection(SolutionConfigurationPlatforms) = preSolution
		Debug|Any CPU = Debug|Any CPU
		Release|Any CPU = Release|Any CPU
	EndGlobalSection
	GlobalSection(ProjectConfigurationPlatforms) = postSolution
		{11FA5AF8-811A-4451-8E9A-122C86215B3F}.Debug|Any CPU.ActiveCfg = Debug|Any CPU
		{11FA5AF8-811A-4451-8E9A-122C86215B3F}.Debug|Any CPU.Build.0 = Debug|Any CPU
		{11FA5AF8-811A-4451-8E9A-122C86215B3F}.Release|Any CPU.ActiveCfg = Release|Any CPU
		{11FA5AF8-811A-4451-8E9A-122C86215B3F}.Release|Any CPU.Build.0 = Release|Any CPU
		{C42312FF-65CF-4CCB-B4F3-71AF937A29EE}.Debug|Any CPU.ActiveCfg = Debug|Any CPU
		{C42312FF-65CF-4CCB-B4F3-71AF937A29EE}.Debug|Any CPU.Build.0 = Debug|Any CPU
		{C42312FF-65CF-4CCB-B4F3-71AF937A29EE}.Release|Any CPU.ActiveCfg = Release|Any CPU
		{C42312FF-65CF-4CCB-B4F3-71AF937A29EE}.Release|Any CPU.Build.0 = Release|Any CPU
	EndGlobalSection
	GlobalSection(SolutionProperties) = preSolution
		HideSolutionNode = FALSE
	EndGlobalSection
	GlobalSection(ExtensibilityGlobals) = postSolution
		SolutionGuid = {A4B55AB9-8D3C-4872-A4A7-0AC0F22E3854}
	EndGlobalSection
EndGlobal
